<?xml version="1.0" encoding="utf-8"?>
<Project ToolsVersion="4.0" xmlns="http://schemas.microsoft.com/developer/msbuild/2003">
  <ItemGroup>
    <Filter Include="Source Files">
      <UniqueIdentifier>{4FC737F1-C7A5-4376-A066-2A32D752A2FF}</UniqueIdentifier>
      <Extensions>cpp;c;cc;cxx;def;odl;idl;hpj;bat;asm;asmx</Extensions>
    </Filter>
    <Filter Include="Header Files">
      <UniqueIdentifier>{93995380-89BD-4b04-88EB-625FBE52EBFB}</UniqueIdentifier>
      <Extensions>h;hpp;hxx;hm;inl;inc;xsd</Extensions>
    </Filter>
    <Filter Include="Resource Files">
      <UniqueIdentifier>{67DA6AB6-F800-4c08-8B7A-83BB121AAD01}</UniqueIdentifier>
      <Extensions>rc;ico;cur;bmp;dlg;rc2;rct;bin;rgs;gif;jpg;jpeg;jpe;resx;tiff;tif;png;wav;mfcribbon-ms</Extensions>
    </Filter>
    <Filter Include="Header Files\lib">
      <UniqueIdentifier>{43843335-3527-445a-8d78-ab8c4c43288b}</UniqueIdentifier>
    </Filter>
    <Filter Include="Source Files\lib">
      <UniqueIdentifier>{3cb57017-9bc5-4340-9a49-e8a4ddc97f5b}</UniqueIdentifier>
    </Filter>
    <Filter Include="Header Files\ui">
      <UniqueIdentifier>{c117b618-d81a-41fb-9548-97bfd29f1761}</UniqueIdentifier>
    </Filter>
    <Filter Include="Source Files\ui">
      <UniqueIdentifier>{395d101f-0f23-48cd-a3fa-027584ce4b53}</UniqueIdentifier>
    </Filter>
    <Filter Include="Header Files\objects">
      <UniqueIdentifier>{f9283b73-8e3c-4ca2-b460-e64317953a70}</UniqueIdentifier>
    </Filter>
    <Filter Include="Source Files\objects">
      <UniqueIdentifier>{3234acec-f988-4063-ba7b-8dd0493cbf33}</UniqueIdentifier>
    </Filter>
    <Filter Include="Header Files\properties">
      <UniqueIdentifier>{1d6ec552-b800-4613-b383-44e253419125}</UniqueIdentifier>
    </Filter>
    <Filter Include="Source Files\properties">
      <UniqueIdentifier>{f1108e4e-893a-430e-9a19-8ef0155fb8a2}</UniqueIdentifier>
    </Filter>
    <Filter Include="Header Files\effects">
      <UniqueIdentifier>{39bb98a6-96b1-4d57-8a99-e61e680cb9cb}</UniqueIdentifier>
    </Filter>
    <Filter Include="Source Files\effects">
      <UniqueIdentifier>{8905daa5-66fe-4e7f-af84-d4049b088e96}</UniqueIdentifier>
    </Filter>
    <Filter Include="Header Files\postprocess">
      <UniqueIdentifier>{eacd2d5c-beb0-4350-be62-1fb6df202b02}</UniqueIdentifier>
    </Filter>
    <Filter Include="Source Files\postprocess">
      <UniqueIdentifier>{98fbb9a9-472f-420a-8d9b-3ae20183284b}</UniqueIdentifier>
    </Filter>
    <Filter Include="Header Files\ui\tabs">
      <UniqueIdentifier>{d8713c48-a5e7-4317-8fc2-397595c320a6}</UniqueIdentifier>
    </Filter>
    <Filter Include="Source Files\ui\tabs">
      <UniqueIdentifier>{ac078cc8-f61e-4ae8-aaa2-02fb7956d893}</UniqueIdentifier>
    </Filter>
    <Filter Include="Header Files\ui\tabs\stationmenu">
      <UniqueIdentifier>{8222ea11-4e8c-41cc-94eb-dceeef0d4186}</UniqueIdentifier>
    </Filter>
    <Filter Include="Source Files\ui\tabs\stationmenu">
      <UniqueIdentifier>{36431fbe-f395-423c-971f-47d276e47ff9}</UniqueIdentifier>
    </Filter>
    <Filter Include="Header Files\missions">
      <UniqueIdentifier>{e01ef637-00ac-4b3b-b240-4bcfb51097f9}</UniqueIdentifier>
    </Filter>
    <Filter Include="Header Files\ui\tabs\gamemenu">
      <UniqueIdentifier>{cbe6da59-b00e-4e02-8163-bd2412c78db0}</UniqueIdentifier>
    </Filter>
    <Filter Include="Source Files\ui\tabs\gamemenu">
      <UniqueIdentifier>{d62538af-428d-47ed-9a3a-99026c6c3b07}</UniqueIdentifier>
    </Filter>
    <Filter Include="Source Files\missions">
      <UniqueIdentifier>{eca20573-9178-43a3-85ca-aae492db8e42}</UniqueIdentifier>
    </Filter>
    <Filter Include="Header Files\objects\Object">
      <UniqueIdentifier>{42ca4816-3890-4fd0-b57e-44cf0b41edb6}</UniqueIdentifier>
    </Filter>
    <Filter Include="Header Files\objects\Object\TargetableObject">
      <UniqueIdentifier>{9e7cdfc4-052b-45b6-b908-7581b80b2988}</UniqueIdentifier>
    </Filter>
    <Filter Include="Header Files\objects\Object\TargetableObject\Ship">
      <UniqueIdentifier>{65fd455b-6bf2-43c5-8c93-09aa1bc0fec2}</UniqueIdentifier>
    </Filter>
    <Filter Include="Source Files\objects\Object">
      <UniqueIdentifier>{40ca41fe-889f-4487-82a0-89a36a107bdf}</UniqueIdentifier>
    </Filter>
    <Filter Include="Source Files\objects\Object\TargetableObject">
      <UniqueIdentifier>{f4b2e1ba-e5d3-4846-986d-c9c4033d2efa}</UniqueIdentifier>
    </Filter>
    <Filter Include="Source Files\objects\Object\TargetableObject\Ship">
      <UniqueIdentifier>{1878b561-bd35-419a-bcb3-46849912db4a}</UniqueIdentifier>
    </Filter>
  </ItemGroup>
  <ItemGroup>
    <Text Include="ReadMe.txt" />
  </ItemGroup>
  <ItemGroup>
    <ClInclude Include="baseapplication.h">
      <Filter>Header Files</Filter>
    </ClInclude>
    <ClInclude Include="keylistener.h">
      <Filter>Header Files</Filter>
    </ClInclude>
    <ClInclude Include="gameloop.h">
      <Filter>Header Files</Filter>
    </ClInclude>
    <ClInclude Include="config.h">
      <Filter>Header Files</Filter>
    </ClInclude>
    <ClInclude Include="gamescene.h">
      <Filter>Header Files</Filter>
    </ClInclude>
    <ClInclude Include="optionmenu.h">
      <Filter>Header Files\ui</Filter>
    </ClInclude>
    <ClInclude Include="menuwindow.h">
      <Filter>Header Files\ui</Filter>
    </ClInclude>
    <ClInclude Include="object.h">
      <Filter>Header Files\objects</Filter>
    </ClInclude>
    <ClInclude Include="resource.h">
      <Filter>Header Files\lib</Filter>
    </ClInclude>
    <ClInclude Include="stdafx.h">
      <Filter>Header Files\lib</Filter>
    </ClInclude>
    <ClInclude Include="targetver.h">
      <Filter>Header Files\lib</Filter>
    </ClInclude>
    <ClInclude Include="startmenu.h">
      <Filter>Header Files\ui</Filter>
    </ClInclude>
    <ClInclude Include="playercamera.h">
      <Filter>Header Files\objects</Filter>
    </ClInclude>
    <ClInclude Include="item.h">
      <Filter>Header Files\objects</Filter>
    </ClInclude>
    <ClInclude Include="messagemenu.h">
      <Filter>Header Files\ui</Filter>
    </ClInclude>
    <ClInclude Include="gamescenemanager.h">
      <Filter>Header Files</Filter>
    </ClInclude>
    <ClInclude Include="itemproperties.h">
      <Filter>Header Files\properties</Filter>
    </ClInclude>
    <ClInclude Include="modelproperties.h">
      <Filter>Header Files\properties</Filter>
    </ClInclude>
    <ClInclude Include="turretproperties.h">
      <Filter>Header Files\properties</Filter>
    </ClInclude>
    <ClInclude Include="shipproperties.h">
      <Filter>Header Files\properties</Filter>
    </ClInclude>
    <ClInclude Include="hud.h">
      <Filter>Header Files\ui</Filter>
    </ClInclude>
    <ClInclude Include="datamanager.h">
      <Filter>Header Files</Filter>
    </ClInclude>
    <ClInclude Include="savemenu.h">
      <Filter>Header Files\ui</Filter>
    </ClInclude>
    <ClInclude Include="sceneloader.h">
      <Filter>Header Files</Filter>
    </ClInclude>
    <ClInclude Include="effect.h">
      <Filter>Header Files\effects</Filter>
    </ClInclude>
    <ClInclude Include="explosion.h">
      <Filter>Header Files\effects</Filter>
    </ClInclude>
    <ClInclude Include="impact.h">
      <Filter>Header Files\effects</Filter>
    </ClInclude>
    <ClInclude Include="gamemenu.h">
      <Filter>Header Files\ui</Filter>
    </ClInclude>
    <ClInclude Include="callback.h">
      <Filter>Header Files\postprocess</Filter>
    </ClInclude>
    <ClInclude Include="postprocess.h">
      <Filter>Header Files\postprocess</Filter>
    </ClInclude>
    <ClInclude Include="screenquadnode.h">
      <Filter>Header Files\postprocess</Filter>
    </ClInclude>
    <ClInclude Include="turningmarker.h">
      <Filter>Header Files\objects</Filter>
    </ClInclude>
    <ClInclude Include="planetproperties.h">
      <Filter>Header Files\properties</Filter>
    </ClInclude>
    <ClInclude Include="atmosphere.h">
      <Filter>Header Files\effects</Filter>
    </ClInclude>
    <ClInclude Include="lensflare.h">
      <Filter>Header Files\effects</Filter>
    </ClInclude>
    <ClInclude Include="spacestationproperties.h">
      <Filter>Header Files\properties</Filter>
    </ClInclude>
    <ClInclude Include="inventory.h">
      <Filter>Header Files</Filter>
    </ClInclude>
    <ClInclude Include="visualsmanager.h">
      <Filter>Header Files</Filter>
    </ClInclude>
    <ClInclude Include="muzzleflash.h">
      <Filter>Header Files\effects</Filter>
    </ClInclude>
    <ClInclude Include="stationmenu.h">
      <Filter>Header Files\ui</Filter>
    </ClInclude>
    <ClInclude Include="intercom.h">
      <Filter>Header Files\ui</Filter>
    </ClInclude>
    <ClInclude Include="fighterproperties.h">
      <Filter>Header Files\properties</Filter>
    </ClInclude>
    <ClInclude Include="storetab.h">
      <Filter>Header Files\ui\tabs\stationmenu</Filter>
    </ClInclude>
    <ClInclude Include="menutab.h">
      <Filter>Header Files\ui\tabs</Filter>
    </ClInclude>
    <ClInclude Include="smallexplosion.h">
      <Filter>Header Files\effects</Filter>
    </ClInclude>
    <ClInclude Include="hangartab.h">
      <Filter>Header Files\ui\tabs\stationmenu</Filter>
    </ClInclude>
    <ClInclude Include="mission.h">
      <Filter>Header Files\missions</Filter>
    </ClInclude>
    <ClInclude Include="missionmanager.h">
      <Filter>Header Files\missions</Filter>
    </ClInclude>
    <ClInclude Include="missionproperties.h">
      <Filter>Header Files\properties</Filter>
    </ClInclude>
    <ClInclude Include="shiptab.h">
      <Filter>Header Files\ui\tabs\gamemenu</Filter>
    </ClInclude>
    <ClInclude Include="objective.h">
      <Filter>Header Files\missions</Filter>
    </ClInclude>
    <ClInclude Include="trigger.h">
      <Filter>Header Files\missions</Filter>
    </ClInclude>
    <ClInclude Include="officer.h">
      <Filter>Header Files\objects</Filter>
    </ClInclude>
    <ClInclude Include="cargotab.h">
      <Filter>Header Files\ui\tabs\gamemenu</Filter>
    </ClInclude>
    <ClInclude Include="jobtab.h">
      <Filter>Header Files\ui\tabs\stationmenu</Filter>
    </ClInclude>
    <ClInclude Include="missiontab.h">
      <Filter>Header Files\ui\tabs\gamemenu</Filter>
    </ClInclude>
    <ClInclude Include="globals.h">
      <Filter>Header Files</Filter>
    </ClInclude>
    <ClInclude Include="ini_io.h">
      <Filter>Header Files\lib</Filter>
    </ClInclude>
    <ClInclude Include="string_util.h">
      <Filter>Header Files\lib</Filter>
    </ClInclude>
    <ClInclude Include="cargo.h">
      <Filter>Header Files\objects\Object\TargetableObject</Filter>
    </ClInclude>
    <ClInclude Include="fighter.h">
      <Filter>Header Files\objects\Object\TargetableObject</Filter>
    </ClInclude>
    <ClInclude Include="marker.h">
      <Filter>Header Files\objects\Object</Filter>
    </ClInclude>
    <ClInclude Include="player.h">
      <Filter>Header Files\objects\Object\TargetableObject\Ship</Filter>
    </ClInclude>
    <ClInclude Include="projectile.h">
      <Filter>Header Files\objects\Object</Filter>
    </ClInclude>
    <ClInclude Include="ship.h">
      <Filter>Header Files\objects\Object\TargetableObject</Filter>
    </ClInclude>
    <ClInclude Include="spacestation.h">
      <Filter>Header Files\objects\Object\TargetableObject</Filter>
    </ClInclude>
    <ClInclude Include="sun.h">
      <Filter>Header Files\objects\Object</Filter>
    </ClInclude>
    <ClInclude Include="targetableobject.h">
      <Filter>Header Files\objects\Object</Filter>
    </ClInclude>
    <ClInclude Include="turret.h">
      <Filter>Header Files\objects\Object</Filter>
    </ClInclude>
    <ClInclude Include="objectmanager.h">
      <Filter>Header Files\objects</Filter>
    </ClInclude>
    <ClInclude Include="musicmanager.h">
      <Filter>Header Files</Filter>
    </ClInclude>
  </ItemGroup>
  <ItemGroup>
    <ClCompile Include="main.cpp">
      <Filter>Source Files</Filter>
    </ClCompile>
    <ClCompile Include="baseapplication.cpp">
      <Filter>Source Files</Filter>
    </ClCompile>
    <ClCompile Include="gameloop.cpp">
      <Filter>Source Files</Filter>
    </ClCompile>
    <ClCompile Include="config.cpp">
      <Filter>Source Files</Filter>
    </ClCompile>
    <ClCompile Include="keylistener.cpp">
      <Filter>Source Files</Filter>
    </ClCompile>
    <ClCompile Include="gamescene.cpp">
      <Filter>Source Files</Filter>
    </ClCompile>
    <ClCompile Include="optionmenu.cpp">
      <Filter>Source Files\ui</Filter>
    </ClCompile>
    <ClCompile Include="stdafx.cpp">
      <Filter>Source Files\lib</Filter>
    </ClCompile>
    <ClCompile Include="object.cpp">
      <Filter>Source Files\objects</Filter>
    </ClCompile>
    <ClCompile Include="startmenu.cpp">
      <Filter>Source Files\ui</Filter>
    </ClCompile>
    <ClCompile Include="playercamera.cpp">
      <Filter>Source Files\objects</Filter>
    </ClCompile>
    <ClCompile Include="messagemenu.cpp">
      <Filter>Source Files\ui</Filter>
    </ClCompile>
    <ClCompile Include="gamescenemanager.cpp">
      <Filter>Source Files</Filter>
    </ClCompile>
    <ClCompile Include="shipproperties.cpp">
      <Filter>Source Files\properties</Filter>
    </ClCompile>
    <ClCompile Include="turretproperties.cpp">
      <Filter>Source Files\properties</Filter>
    </ClCompile>
    <ClCompile Include="modelproperties.cpp">
      <Filter>Source Files\properties</Filter>
    </ClCompile>
    <ClCompile Include="itemproperties.cpp">
      <Filter>Source Files\properties</Filter>
    </ClCompile>
    <ClCompile Include="datamanager.cpp">
      <Filter>Source Files</Filter>
    </ClCompile>
    <ClCompile Include="hud.cpp">
      <Filter>Source Files\ui</Filter>
    </ClCompile>
    <ClCompile Include="savemenu.cpp">
      <Filter>Source Files\ui</Filter>
    </ClCompile>
    <ClCompile Include="effect.cpp">
      <Filter>Source Files\effects</Filter>
    </ClCompile>
    <ClCompile Include="callback.cpp">
      <Filter>Source Files\postprocess</Filter>
    </ClCompile>
    <ClCompile Include="postprocess.cpp">
      <Filter>Source Files\postprocess</Filter>
    </ClCompile>
    <ClCompile Include="turningmarker.cpp">
      <Filter>Source Files\objects</Filter>
    </ClCompile>
    <ClCompile Include="impact.cpp">
      <Filter>Source Files\effects</Filter>
    </ClCompile>
    <ClCompile Include="planetproperties.cpp">
      <Filter>Source Files\properties</Filter>
    </ClCompile>
    <ClCompile Include="explosion.cpp">
      <Filter>Source Files\effects</Filter>
    </ClCompile>
    <ClCompile Include="atmosphere.cpp">
      <Filter>Source Files\effects</Filter>
    </ClCompile>
    <ClCompile Include="inventory.cpp">
      <Filter>Source Files</Filter>
    </ClCompile>
    <ClCompile Include="spacestationproperties.cpp">
      <Filter>Source Files\properties</Filter>
    </ClCompile>
    <ClCompile Include="visualsmanager.cpp">
      <Filter>Source Files</Filter>
    </ClCompile>
    <ClCompile Include="stationmenu.cpp">
      <Filter>Source Files\ui</Filter>
    </ClCompile>
    <ClCompile Include="lensflare.cpp">
      <Filter>Source Files\effects</Filter>
    </ClCompile>
    <ClCompile Include="gamemenu.cpp">
      <Filter>Source Files\ui</Filter>
    </ClCompile>
    <ClCompile Include="intercom.cpp">
      <Filter>Source Files\ui</Filter>
    </ClCompile>
    <ClCompile Include="fighterproperties.cpp">
      <Filter>Source Files\properties</Filter>
    </ClCompile>
    <ClCompile Include="storetab.cpp">
      <Filter>Source Files\ui\tabs\stationmenu</Filter>
    </ClCompile>
    <ClCompile Include="muzzleflash.cpp">
      <Filter>Source Files\effects</Filter>
    </ClCompile>
    <ClCompile Include="hangartab.cpp">
      <Filter>Source Files\ui\tabs\stationmenu</Filter>
    </ClCompile>
    <ClCompile Include="shiptab.cpp">
      <Filter>Source Files\ui\tabs\gamemenu</Filter>
    </ClCompile>
    <ClCompile Include="mission.cpp">
      <Filter>Source Files\missions</Filter>
    </ClCompile>
    <ClCompile Include="missionproperties.cpp">
      <Filter>Source Files\properties</Filter>
    </ClCompile>
    <ClCompile Include="objective.cpp">
      <Filter>Source Files\missions</Filter>
    </ClCompile>
    <ClCompile Include="cargotab.cpp">
      <Filter>Source Files\ui\tabs\gamemenu</Filter>
    </ClCompile>
    <ClCompile Include="missionmanager.cpp">
      <Filter>Source Files\missions</Filter>
    </ClCompile>
    <ClCompile Include="trigger.cpp">
      <Filter>Source Files\missions</Filter>
    </ClCompile>
    <ClCompile Include="missiontab.cpp">
      <Filter>Source Files\ui\tabs\gamemenu</Filter>
    </ClCompile>
    <ClCompile Include="globals.cpp">
      <Filter>Source Files</Filter>
    </ClCompile>
    <ClCompile Include="player.cpp">
      <Filter>Source Files\objects\Object\TargetableObject\Ship</Filter>
    </ClCompile>
    <ClCompile Include="cargo.cpp">
      <Filter>Source Files\objects\Object</Filter>
    </ClCompile>
    <ClCompile Include="fighter.cpp">
      <Filter>Source Files\objects\Object\TargetableObject</Filter>
    </ClCompile>
    <ClCompile Include="marker.cpp">
      <Filter>Source Files\objects\Object</Filter>
    </ClCompile>
    <ClCompile Include="planet.cpp">
      <Filter>Source Files\objects\Object\TargetableObject</Filter>
    </ClCompile>
    <ClCompile Include="projectile.cpp">
      <Filter>Source Files\objects\Object</Filter>
    </ClCompile>
    <ClCompile Include="ship.cpp">
      <Filter>Source Files\objects\Object\TargetableObject</Filter>
    </ClCompile>
    <ClCompile Include="spacestation.cpp">
      <Filter>Source Files\objects\Object\TargetableObject</Filter>
    </ClCompile>
    <ClCompile Include="sun.cpp">
      <Filter>Source Files\objects\Object</Filter>
    </ClCompile>
    <ClCompile Include="targetableobject.cpp">
      <Filter>Source Files\objects\Object</Filter>
    </ClCompile>
    <ClCompile Include="turret.cpp">
      <Filter>Source Files\objects\Object</Filter>
    </ClCompile>
    <ClCompile Include="objectmanager.cpp">
      <Filter>Source Files\objects\Object</Filter>
    </ClCompile>
    <ClCompile Include="musicmanager.cpp">
      <Filter>Source Files</Filter>
    </ClCompile>
    <ClCompile Include="jobtab.cpp">
      <Filter>Source Files\ui\tabs\stationmenu</Filter>
    </ClCompile>
  </ItemGroup>
  <ItemGroup>
    <ResourceCompile Include="losthorizons.rc">
      <Filter>Resource Files</Filter>
    </ResourceCompile>
  </ItemGroup>
  <ItemGroup>
    <Image Include="losthorizons.ico">
      <Filter>Resource Files</Filter>
    </Image>
  </ItemGroup>
  <ItemGroup>
    <None Include="planet.h">
      <Filter>Header Files\objects\Object\TargetableObject</Filter>
    </None>
  </ItemGroup>
</Project>